
Microsoft Visual Studio Solution File, Format Version 12.00
# Visual Studio Version 17
VisualStudioVersion = 17.0.31903.59
MinimumVisualStudioVersion = 10.0.40219.1
Project("{2150E333-8FDC-42A3-9474-1A3956D46DE8}") = "src", "src", "{827E0CD3-B72D-47B6-A68D-7590B98EB39B}"
EndProject
Project("{FAE04EC0-301F-11D3-BF4B-00C04F79EFBC}") = "AuctionService", "src\AuctionService\AuctionService.csproj", "{EABD93BC-EC9A-4001-B096-04598E0847C3}"
EndProject
Project("{FAE04EC0-301F-11D3-BF4B-00C04F79EFBC}") = "SearchService", "src\SearchService\SearchService.csproj", "{DF106D2E-F7C4-A89B-127C-2B8E01C52FA6}"
EndProject
Project("{FAE04EC0-301F-11D3-BF4B-00C04F79EFBC}") = "Contracts", "src\Contracts\Contracts.csproj", "{07BC6F43-C15F-E0F2-5973-6F32D66D1A14}"
EndProject
Project("{FAE04EC0-301F-11D3-BF4B-00C04F79EFBC}") = "IdentityService", "src\IdentityService\IdentityService.csproj", "{C5515FBB-1C3E-4874-A1C9-82E9C7F7994B}"
EndProject
Project("{FAE04EC0-301F-11D3-BF4B-00C04F79EFBC}") = "GatewayService", "src\GatewayService\GatewayService.csproj", "{2E5E9674-756F-4FC8-8AB4-CD9E01D22848}"
EndProject
Global
	GlobalSection(SolutionConfigurationPlatforms) = preSolution
		Debug|Any CPU = Debug|Any CPU
		Debug|x64 = Debug|x64
		Debug|x86 = Debug|x86
		Release|Any CPU = Release|Any CPU
		Release|x64 = Release|x64
		Release|x86 = Release|x86
	EndGlobalSection
	GlobalSection(ProjectConfigurationPlatforms) = postSolution
		{EABD93BC-EC9A-4001-B096-04598E0847C3}.Debug|Any CPU.ActiveCfg = Debug|Any CPU
		{EABD93BC-EC9A-4001-B096-04598E0847C3}.Debug|Any CPU.Build.0 = Debug|Any CPU
		{EABD93BC-EC9A-4001-B096-04598E0847C3}.Debug|x64.ActiveCfg = Debug|Any CPU
		{EABD93BC-EC9A-4001-B096-04598E0847C3}.Debug|x64.Build.0 = Debug|Any CPU
		{EABD93BC-EC9A-4001-B096-04598E0847C3}.Debug|x86.ActiveCfg = Debug|Any CPU
		{EABD93BC-EC9A-4001-B096-04598E0847C3}.Debug|x86.Build.0 = Debug|Any CPU
		{EABD93BC-EC9A-4001-B096-04598E0847C3}.Release|Any CPU.ActiveCfg = Release|Any CPU
		{EABD93BC-EC9A-4001-B096-04598E0847C3}.Release|Any CPU.Build.0 = Release|Any CPU
		{EABD93BC-EC9A-4001-B096-04598E0847C3}.Release|x64.ActiveCfg = Release|Any CPU
		{EABD93BC-EC9A-4001-B096-04598E0847C3}.Release|x64.Build.0 = Release|Any CPU
		{EABD93BC-EC9A-4001-B096-04598E0847C3}.Release|x86.ActiveCfg = Release|Any CPU
		{EABD93BC-EC9A-4001-B096-04598E0847C3}.Release|x86.Build.0 = Release|Any CPU
		{DF106D2E-F7C4-A89B-127C-2B8E01C52FA6}.Debug|Any CPU.ActiveCfg = Debug|Any CPU
		{DF106D2E-F7C4-A89B-127C-2B8E01C52FA6}.Debug|Any CPU.Build.0 = Debug|Any CPU
		{DF106D2E-F7C4-A89B-127C-2B8E01C52FA6}.Debug|x64.ActiveCfg = Debug|Any CPU
		{DF106D2E-F7C4-A89B-127C-2B8E01C52FA6}.Debug|x64.Build.0 = Debug|Any CPU
		{DF106D2E-F7C4-A89B-127C-2B8E01C52FA6}.Debug|x86.ActiveCfg = Debug|Any CPU
		{DF106D2E-F7C4-A89B-127C-2B8E01C52FA6}.Debug|x86.Build.0 = Debug|Any CPU
		{DF106D2E-F7C4-A89B-127C-2B8E01C52FA6}.Release|Any CPU.ActiveCfg = Release|Any CPU
		{DF106D2E-F7C4-A89B-127C-2B8E01C52FA6}.Release|Any CPU.Build.0 = Release|Any CPU
		{DF106D2E-F7C4-A89B-127C-2B8E01C52FA6}.Release|x64.ActiveCfg = Release|Any CPU
		{DF106D2E-F7C4-A89B-127C-2B8E01C52FA6}.Release|x64.Build.0 = Release|Any CPU
		{DF106D2E-F7C4-A89B-127C-2B8E01C52FA6}.Release|x86.ActiveCfg = Release|Any CPU
		{DF106D2E-F7C4-A89B-127C-2B8E01C52FA6}.Release|x86.Build.0 = Release|Any CPU
		{07BC6F43-C15F-E0F2-5973-6F32D66D1A14}.Debug|Any CPU.ActiveCfg = Debug|Any CPU
		{07BC6F43-C15F-E0F2-5973-6F32D66D1A14}.Debug|Any CPU.Build.0 = Debug|Any CPU
		{07BC6F43-C15F-E0F2-5973-6F32D66D1A14}.Debug|x64.ActiveCfg = Debug|Any CPU
		{07BC6F43-C15F-E0F2-5973-6F32D66D1A14}.Debug|x64.Build.0 = Debug|Any CPU
		{07BC6F43-C15F-E0F2-5973-6F32D66D1A14}.Debug|x86.ActiveCfg = Debug|Any CPU
		{07BC6F43-C15F-E0F2-5973-6F32D66D1A14}.Debug|x86.Build.0 = Debug|Any CPU
		{07BC6F43-C15F-E0F2-5973-6F32D66D1A14}.Release|Any CPU.ActiveCfg = Release|Any CPU
		{07BC6F43-C15F-E0F2-5973-6F32D66D1A14}.Release|Any CPU.Build.0 = Release|Any CPU
		{07BC6F43-C15F-E0F2-5973-6F32D66D1A14}.Release|x64.ActiveCfg = Release|Any CPU
		{07BC6F43-C15F-E0F2-5973-6F32D66D1A14}.Release|x64.Build.0 = Release|Any CPU
		{07BC6F43-C15F-E0F2-5973-6F32D66D1A14}.Release|x86.ActiveCfg = Release|Any CPU
		{07BC6F43-C15F-E0F2-5973-6F32D66D1A14}.Release|x86.Build.0 = Release|Any CPU
		{C5515FBB-1C3E-4874-A1C9-82E9C7F7994B}.Debug|Any CPU.ActiveCfg = Debug|Any CPU
		{C5515FBB-1C3E-4874-A1C9-82E9C7F7994B}.Debug|Any CPU.Build.0 = Debug|Any CPU
		{C5515FBB-1C3E-4874-A1C9-82E9C7F7994B}.Debug|x64.ActiveCfg = Debug|Any CPU
		{C5515FBB-1C3E-4874-A1C9-82E9C7F7994B}.Debug|x64.Build.0 = Debug|Any CPU
		{C5515FBB-1C3E-4874-A1C9-82E9C7F7994B}.Debug|x86.ActiveCfg = Debug|Any CPU
		{C5515FBB-1C3E-4874-A1C9-82E9C7F7994B}.Debug|x86.Build.0 = Debug|Any CPU
		{C5515FBB-1C3E-4874-A1C9-82E9C7F7994B}.Release|Any CPU.ActiveCfg = Release|Any CPU
		{C5515FBB-1C3E-4874-A1C9-82E9C7F7994B}.Release|Any CPU.Build.0 = Release|Any CPU
		{C5515FBB-1C3E-4874-A1C9-82E9C7F7994B}.Release|x64.ActiveCfg = Release|Any CPU
		{C5515FBB-1C3E-4874-A1C9-82E9C7F7994B}.Release|x64.Build.0 = Release|Any CPU
		{C5515FBB-1C3E-4874-A1C9-82E9C7F7994B}.Release|x86.ActiveCfg = Release|Any CPU
		{C5515FBB-1C3E-4874-A1C9-82E9C7F7994B}.Release|x86.Build.0 = Release|Any CPU
		{2E5E9674-756F-4FC8-8AB4-CD9E01D22848}.Debug|Any CPU.ActiveCfg = Debug|Any CPU
		{2E5E9674-756F-4FC8-8AB4-CD9E01D22848}.Debug|Any CPU.Build.0 = Debug|Any CPU
		{2E5E9674-756F-4FC8-8AB4-CD9E01D22848}.Debug|x64.ActiveCfg = Debug|Any CPU
		{2E5E9674-756F-4FC8-8AB4-CD9E01D22848}.Debug|x64.Build.0 = Debug|Any CPU
		{2E5E9674-756F-4FC8-8AB4-CD9E01D22848}.Debug|x86.ActiveCfg = Debug|Any CPU
		{2E5E9674-756F-4FC8-8AB4-CD9E01D22848}.Debug|x86.Build.0 = Debug|Any CPU
		{2E5E9674-756F-4FC8-8AB4-CD9E01D22848}.Release|Any CPU.ActiveCfg = Release|Any CPU
		{2E5E9674-756F-4FC8-8AB4-CD9E01D22848}.Release|Any CPU.Build.0 = Release|Any CPU
		{2E5E9674-756F-4FC8-8AB4-CD9E01D22848}.Release|x64.ActiveCfg = Release|Any CPU
		{2E5E9674-756F-4FC8-8AB4-CD9E01D22848}.Release|x64.Build.0 = Release|Any CPU
		{2E5E9674-756F-4FC8-8AB4-CD9E01D22848}.Release|x86.ActiveCfg = Release|Any CPU
		{2E5E9674-756F-4FC8-8AB4-CD9E01D22848}.Release|x86.Build.0 = Release|Any CPU
	EndGlobalSection
	GlobalSection(SolutionProperties) = preSolution
		HideSolutionNode = FALSE
	EndGlobalSection
	GlobalSection(NestedProjects) = preSolution
		{EABD93BC-EC9A-4001-B096-04598E0847C3} = {827E0CD3-B72D-47B6-A68D-7590B98EB39B}
		{DF106D2E-F7C4-A89B-127C-2B8E01C52FA6} = {827E0CD3-B72D-47B6-A68D-7590B98EB39B}
		{07BC6F43-C15F-E0F2-5973-6F32D66D1A14} = {827E0CD3-B72D-47B6-A68D-7590B98EB39B}
		{C5515FBB-1C3E-4874-A1C9-82E9C7F7994B} = {827E0CD3-B72D-47B6-A68D-7590B98EB39B}
		{2E5E9674-756F-4FC8-8AB4-CD9E01D22848} = {827E0CD3-B72D-47B6-A68D-7590B98EB39B}
	EndGlobalSection
	GlobalSection(ExtensibilityGlobals) = postSolution
		SolutionGuid = {E7B82732-CDAA-47FF-AD98-1FBC32962036}
	EndGlobalSection
EndGlobal
